# This file is autogenerated, do not edit; changes may be undone by the next 'dep ensure'.


[[projects]]
  name = "github.com/bndr/gojenkins"
  packages = ["."]
  revision = "10d416706df701ae959182e4ae94fde6984c7c22"

[[projects]]
  branch = "master"
  name = "github.com/golang/glog"
  packages = ["."]
  revision = "23def4e6c14b4da8ac2ed8007337bc5eb5007998"

[[projects]]
  name = "github.com/gorilla/context"
  packages = ["."]
  revision = "1ea25387ff6f684839d82767c1733ff4d4d15d0a"
  version = "v1.1"

[[projects]]
  name = "github.com/gorilla/mux"
  packages = ["."]
  revision = "24fca303ac6da784b9e8269f724ddeb0b2eea5e7"
  version = "v1.5.0"

[[projects]]
  branch = "master"
  name = "github.com/kidoman/embd"
  packages = [".","host/generic","host/rpi"]
  revision = "d3d8c0c5c68dc6caccebb7d720f36e64bafd0a62"

[[projects]]
  name = "golang.org/x/net"
  packages = ["html","html/atom"]
  revision = "1c05540f6879653db88113bc4a2b70aec4bd491f"

[solve-meta]
  analyzer-name = "dep"
  analyzer-version = 1
  inputs-digest = "f5a75ebbe7b6ad2de85a240b01e62606560f450df4e0839f5ff702a2eb35747d"
  solver-name = "gps-cdcl"
  solver-version = 1
